
Microsoft Visual Studio Solution File, Format Version 12.00
# Visual Studio Version 16
VisualStudioVersion = 16.0.32510.428
MinimumVisualStudioVersion = 10.0.40219.1
Project("{FAE04EC0-301F-11D3-BF4B-00C04F79EFBC}") = "2629 양팔저울", "2629 양팔저울.csproj", "{202F21D3-9A9F-4ADB-B105-169AE69E241E}"
EndProject
Global
	GlobalSection(SolutionConfigurationPlatforms) = preSolution
		Debug|Any CPU = Debug|Any CPU
		Release|Any CPU = Release|Any CPU
	EndGlobalSection
	GlobalSection(ProjectConfigurationPlatforms) = postSolution
		{202F21D3-9A9F-4ADB-B105-169AE69E241E}.Debug|Any CPU.ActiveCfg = Debug|Any CPU
		{202F21D3-9A9F-4ADB-B105-169AE69E241E}.Debug|Any CPU.Build.0 = Debug|Any CPU
		{202F21D3-9A9F-4ADB-B105-169AE69E241E}.Release|Any CPU.ActiveCfg = Release|Any CPU
		{202F21D3-9A9F-4ADB-B105-169AE69E241E}.Release|Any CPU.Build.0 = Release|Any CPU
	EndGlobalSection
	GlobalSection(SolutionProperties) = preSolution
		HideSolutionNode = FALSE
	EndGlobalSection
	GlobalSection(ExtensibilityGlobals) = postSolution
		SolutionGuid = {9961D632-374E-4156-994C-D3AB84FDB962}
	EndGlobalSection
EndGlobal
