
Microsoft Visual Studio Solution File, Format Version 12.00
# Visual Studio Version 16
VisualStudioVersion = 16.0.32510.428
MinimumVisualStudioVersion = 10.0.40219.1
Project("{FAE04EC0-301F-11D3-BF4B-00C04F79EFBC}") = "15000 CAPS", "15000 CAPS.csproj", "{E33318C7-B96B-4F11-97E5-D6FCD35EEC4C}"
EndProject
Global
	GlobalSection(SolutionConfigurationPlatforms) = preSolution
		Debug|Any CPU = Debug|Any CPU
		Release|Any CPU = Release|Any CPU
	EndGlobalSection
	GlobalSection(ProjectConfigurationPlatforms) = postSolution
		{E33318C7-B96B-4F11-97E5-D6FCD35EEC4C}.Debug|Any CPU.ActiveCfg = Debug|Any CPU
		{E33318C7-B96B-4F11-97E5-D6FCD35EEC4C}.Debug|Any CPU.Build.0 = Debug|Any CPU
		{E33318C7-B96B-4F11-97E5-D6FCD35EEC4C}.Release|Any CPU.ActiveCfg = Release|Any CPU
		{E33318C7-B96B-4F11-97E5-D6FCD35EEC4C}.Release|Any CPU.Build.0 = Release|Any CPU
	EndGlobalSection
	GlobalSection(SolutionProperties) = preSolution
		HideSolutionNode = FALSE
	EndGlobalSection
	GlobalSection(ExtensibilityGlobals) = postSolution
		SolutionGuid = {780B7337-D968-4A4A-8BB3-F24BC13DBB29}
	EndGlobalSection
EndGlobal
